{
  "name": "my-anguar-5-application",
  "version": "0.0.0",
  "lockfileVersion": 1,
  "requires": true,
  "dependencies": {
    "ng": {
      "version": "0.0.0-rc6",
      "resolved": "http://registry.npm.taobao.org/ng/download/ng-0.0.0-rc6.tgz",
      "integrity": "sha1-MdYiKBDvsyw1DablgHTnl8UNHwg="
    }
  }
}
